# THIS IS AN AUTOGENERATED FILE. DO NOT EDIT THIS FILE DIRECTLY.
# yarn lockfile v1


"@babel/parser@^7.4.3":
  version "7.4.3"
  resolved "https://registry.yarnpkg.com/@babel/parser/-/parser-7.4.3.tgz#eb3ac80f64aa101c907d4ce5406360fe75b7895b"
  integrity sha512-gxpEUhTS1sGA63EGQGuA+WESPR/6tz6ng7tSHFCmaTJK/cGK8y37cBTspX+U2xCAue2IQVvF6Z0oigmjwD8YGQ==

"@babel/types@^7.3.4":
  version "7.3.4"
  resolved "https://registry.yarnpkg.com/@babel/types/-/types-7.3.4.tgz#bf482eaeaffb367a28abbf9357a94963235d90ed"
  integrity sha512-WEkp8MsLftM7O/ty580wAmZzN1nDmCACc5+jFzUt+GUFNNIi3LdRlueYz0YIlmJhlZx1QYDMZL5vdWCL0fNjFQ==
  dependencies:
    esutils "^2.0.2"
    lodash "^4.17.11"
    to-fast-properties "^2.0.0"

esutils@^2.0.2:
  version "2.0.2"
  resolved "https://registry.yarnpkg.com/esutils/-/esutils-2.0.2.tgz#0abf4f1caa5bcb1f7a9d8acc6dea4faaa04bac9b"
  integrity sha1-Cr9PHKpbyx96nYrMbepPqqBLrJs=

lodash@^4.17.11:
  version "4.17.11"
  resolved "https://registry.yarnpkg.com/lodash/-/lodash-4.17.11.tgz#b39ea6229ef607ecd89e2c8df12536891cac9b8d"
  integrity sha512-cQKh8igo5QUhZ7lg38DYWAxMvjSAKG0A8wGSVimP07SIUEK2UO+arSRKbRZWtelMtN5V0Hkwh5ryOto/SshYIg==

to-fast-properties@^2.0.0:
  version "2.0.0"
  resolved "https://registry.yarnpkg.com/to-fast-properties/-/to-fast-properties-2.0.0.tgz#dc5e698cbd079265bc73e0377681a4e4e83f616e"
  integrity sha1-3F5pjL0HkmW8c+A3doGk5Og/YW4=
