# THIS IS AN AUTOGENERATED FILE. DO NOT EDIT THIS FILE DIRECTLY.
# yarn lockfile v1


binaryen@^77.0.0:
  version "77.0.0"
  resolved "https://registry.yarnpkg.com/binaryen/-/binaryen-77.0.0.tgz#7f814895009bd12b3bb814a0ca56026f0ad3a758"
  integrity sha512-9vIBFzc/AuM+j5+hUfogJTvgZTiUJ9WVHTrFZPLYO91vQlNkS/FVw1wTWo0zc7z6J3C7i/kAISOyQW2g4oez8Q==
