# THIS IS AN AUTOGENERATED FILE. DO NOT EDIT THIS FILE DIRECTLY.
# yarn lockfile v1


ast-types@0.12.2:
  version "0.12.2"
  resolved "https://registry.yarnpkg.com/ast-types/-/ast-types-0.12.2.tgz#341656049ee328ac03fc805c156b49ebab1e4462"
  integrity sha512-8c83xDLJM/dLDyXNLiR6afRRm4dPKN6KAnKqytRK3DBJul9lA+atxdQkNDkSVPdTqea5HiRq3lnnOIZ0MBpvdg==

esprima@~4.0.0:
  version "4.0.1"
  resolved "https://registry.yarnpkg.com/esprima/-/esprima-4.0.1.tgz#13b04cdb3e6c5d19df91ab6987a8695619b0aa71"
  integrity sha512-eGuFFw7Upda+g4p+QHvnW0RyTX/SVeJBDM/gCtMARO0cLuT2HcEKnTPvhjV6aGeqrCB/sbNop0Kszm0jsaWU4A==

private@^0.1.8:
  version "0.1.8"
  resolved "https://registry.yarnpkg.com/private/-/private-0.1.8.tgz#2381edb3689f7a53d653190060fcf822d2f368ff"
  integrity sha512-VvivMrbvd2nKkiG38qjULzlc+4Vx4wm/whI9pQD35YrARNnhxeiRktSOhSukRLFNlzg6Br/cJPet5J/u19r/mg==

recast@^0.17.3:
  version "0.17.3"
  resolved "https://registry.yarnpkg.com/recast/-/recast-0.17.3.tgz#f49a9c9a64c59b55f6c93b5a53e3cffd7a13354d"
  integrity sha512-NwQguXPwHqaVb6M7tsY11+8RDoAKHGRdymPGDxHJrsxOlNADQh0b08uz/MgYp1R1wmHuSBK4A4I5Oq+cE1J40g==
  dependencies:
    ast-types "0.12.2"
    esprima "~4.0.0"
    private "^0.1.8"
    source-map "~0.6.1"

source-map@~0.6.1:
  version "0.6.1"
  resolved "https://registry.yarnpkg.com/source-map/-/source-map-0.6.1.tgz#74722af32e9614e9c287a8d0bbde48b5e2f1a263"
  integrity sha512-UjgapumWlbMhkBgzT7Ykc5YXUT46F0iKu8SGXq0bcwP5dz/h0Plj6enJqjz1Zbq2l5WaqYnrVbwWOWMyF3F47g==
